
Microsoft Visual Studio Solution File, Format Version 12.00
# Visual Studio Version 17
VisualStudioVersion = 17.2.32526.322
MinimumVisualStudioVersion = 10.0.40219.1
Project("{FAE04EC0-301F-11D3-BF4B-00C04F79EFBC}") = "ReminderApp", "ReminderApp\ReminderApp.csproj", "{F64324E6-8047-4AAC-8463-168DF448127B}"
EndProject
Global
	GlobalSection(SolutionConfigurationPlatforms) = preSolution
		Debug|Any CPU = Debug|Any CPU
		Release|Any CPU = Release|Any CPU
	EndGlobalSection
	GlobalSection(ProjectConfigurationPlatforms) = postSolution
		{F64324E6-8047-4AAC-8463-168DF448127B}.Debug|Any CPU.ActiveCfg = Debug|Any CPU
		{F64324E6-8047-4AAC-8463-168DF448127B}.Debug|Any CPU.Build.0 = Debug|Any CPU
		{F64324E6-8047-4AAC-8463-168DF448127B}.Release|Any CPU.ActiveCfg = Release|Any CPU
		{F64324E6-8047-4AAC-8463-168DF448127B}.Release|Any CPU.Build.0 = Release|Any CPU
	EndGlobalSection
	GlobalSection(SolutionProperties) = preSolution
		HideSolutionNode = FALSE
	EndGlobalSection
	GlobalSection(ExtensibilityGlobals) = postSolution
		SolutionGuid = {B3353C69-500B-4DC7-9EB1-716A311E62F3}
	EndGlobalSection
EndGlobal
